<?xml version="1.0" encoding="utf-8"?>
<Project ToolsVersion="17.0" xmlns="http://schemas.microsoft.com/developer/msbuild/2003">
  <ItemGroup>
    <ClCompile Include="C:\Users\aads\s1\Project1\CMakeProject\CMakeProject.cpp">
      <Filter>Source Files</Filter>
    </ClCompile>
  </ItemGroup>
  <ItemGroup>
    <ClInclude Include="C:\Users\aads\s1\Project1\CMakeProject\CMakeProject.h">
      <Filter>Header Files</Filter>
    </ClInclude>
  </ItemGroup>
  <ItemGroup>
    <CustomBuild Include="C:\Users\aads\s1\Project1\CMakeProject\CMakeLists.txt" />
  </ItemGroup>
  <ItemGroup>
    <Filter Include="Header Files">
      <UniqueIdentifier>{CE25BD79-61D7-320F-A9CF-15B42F8FCB90}</UniqueIdentifier>
    </Filter>
    <Filter Include="Source Files">
      <UniqueIdentifier>{AF84D96B-D2F3-3AEC-9187-E853C7F56522}</UniqueIdentifier>
    </Filter>
  </ItemGroup>
</Project>
